<?xml version="1.0" encoding="utf-8"?>
<Project ToolsVersion="4.0" xmlns="http://schemas.microsoft.com/developer/msbuild/2003">
  <ItemGroup>
    <Filter Include="Source Files">
      <UniqueIdentifier>{4FC737F1-C7A5-4376-A066-2A32D752A2FF}</UniqueIdentifier>
      <Extensions>cpp;c;cc;cxx;c++;def;odl;idl;hpj;bat;asm;asmx</Extensions>
    </Filter>
    <Filter Include="Header Files">
      <UniqueIdentifier>{93995380-89BD-4b04-88EB-625FBE52EBFB}</UniqueIdentifier>
      <Extensions>h;hh;hpp;hxx;h++;hm;inl;inc;ipp;xsd</Extensions>
    </Filter>
    <Filter Include="Resource Files">
      <UniqueIdentifier>{67DA6AB6-F800-4c08-8B7A-83BB121AAD01}</UniqueIdentifier>
      <Extensions>rc;ico;cur;bmp;dlg;rc2;rct;bin;rgs;gif;jpg;jpeg;jpe;resx;tiff;tif;png;wav;mfcribbon-ms</Extensions>
    </Filter>
  </ItemGroup>
  <ItemGroup>
    <ClCompile Include="src\main.cpp">
      <Filter>Source Files</Filter>
    </ClCompile>
    <ClCompile Include="src\io\color.cpp">
      <Filter>Source Files</Filter>
    </ClCompile>
    <ClCompile Include="src\objects\hittable.cpp">
      <Filter>Source Files</Filter>
    </ClCompile>
    <ClCompile Include="src\objects\material.cpp">
      <Filter>Source Files</Filter>
    </ClCompile>
    <ClCompile Include="src\objects\sphere.cpp">
      <Filter>Source Files</Filter>
    </ClCompile>
    <ClCompile Include="src\physics\scattering.cpp">
      <Filter>Source Files</Filter>
    </ClCompile>
    <ClCompile Include="src\physics\math_utils.cpp">
      <Filter>Source Files</Filter>
    </ClCompile>
    <ClCompile Include="src\physics\ray.cpp">
      <Filter>Source Files</Filter>
    </ClCompile>
    <ClCompile Include="src\physics\vec3.cpp">
      <Filter>Source Files</Filter>
    </ClCompile>
    <ClCompile Include="src\objects\hit_list.cpp">
      <Filter>Source Files</Filter>
    </ClCompile>
    <ClCompile Include="src\physics\ray_tracer.cpp">
      <Filter>Source Files</Filter>
    </ClCompile>
    <ClCompile Include="src\objects\hittable_object.cpp">
      <Filter>Source Files</Filter>
    </ClCompile>
  </ItemGroup>
  <ItemGroup>
    <None Include="readme.md" />
    <None Include=".gitignore" />
    <None Include="examples\example-image.ppm" />
  </ItemGroup>
  <ItemGroup>
    <ClInclude Include="include\objects\material.h">
      <Filter>Header Files</Filter>
    </ClInclude>
    <ClInclude Include="include\objects\hit_list.h">
      <Filter>Header Files</Filter>
    </ClInclude>
    <ClInclude Include="include\objects\hittable.h">
      <Filter>Header Files</Filter>
    </ClInclude>
    <ClInclude Include="include\objects\sphere.h">
      <Filter>Header Files</Filter>
    </ClInclude>
    <ClInclude Include="include\io\color.h">
      <Filter>Header Files</Filter>
    </ClInclude>
    <ClInclude Include="include\physics\ray.h">
      <Filter>Header Files</Filter>
    </ClInclude>
    <ClInclude Include="include\physics\vec3.h">
      <Filter>Header Files</Filter>
    </ClInclude>
    <ClInclude Include="include\physics\scattering.h">
      <Filter>Header Files</Filter>
    </ClInclude>
    <ClInclude Include="include\physics\CONSTANTS.h">
      <Filter>Header Files</Filter>
    </ClInclude>
    <ClInclude Include="include\physics\math_utils.h">
      <Filter>Header Files</Filter>
    </ClInclude>
    <ClInclude Include="include\objects\hittable_object.h">
      <Filter>Header Files</Filter>
    </ClInclude>
    <ClInclude Include="include\objects\hit_record.h">
      <Filter>Header Files</Filter>
    </ClInclude>
    <ClInclude Include="include\physics\ray_tracer.h">
      <Filter>Header Files</Filter>
    </ClInclude>
  </ItemGroup>
</Project>